// !$*UTF8*$!
{
	archiveVersion = 1;
	classes = {
	};
	objectVersion = 56;
	objects = {

/* Begin PBXBuildFile section */
		47C36B222A393A5000AC931D /* TestAccountBlock.swift in Sources */ = {isa = PBXBuildFile; fileRef = 47C36B212A393A5000AC931D /* TestAccountBlock.swift */; };
		47C36B242A3943AD00AC931D /* User.swift in Sources */ = {isa = PBXBuildFile; fileRef = 47C36B232A3943AD00AC931D /* User.swift */; };
		47C36B262A39474E00AC931D /* FirebaseStorage in Frameworks */ = {isa = PBXBuildFile; productRef = 47C36B252A39474E00AC931D /* FirebaseStorage */; };
		47C36B282A39475500AC931D /* FirebaseStorageCombine-Community in Frameworks */ = {isa = PBXBuildFile; productRef = 47C36B272A39475500AC931D /* FirebaseStorageCombine-Community */; };
		47C36B2C2A3951A000AC931D /* FirebaseManager.swift in Sources */ = {isa = PBXBuildFile; fileRef = 47C36B2B2A3951A000AC931D /* FirebaseManager.swift */; };
		47C36B2F2A39561900AC931D /* ImagePicker.swift in Sources */ = {isa = PBXBuildFile; fileRef = 47C36B2E2A39561900AC931D /* ImagePicker.swift */; };
		47C36B312A3968C000AC931D /* GoogleService-Info.plist in Resources */ = {isa = PBXBuildFile; fileRef = 47C36B302A3968BF00AC931D /* GoogleService-Info.plist */; };
		47C36B332A3974EC00AC931D /* MainMessagesView.swift in Sources */ = {isa = PBXBuildFile; fileRef = 47C36B322A3974EB00AC931D /* MainMessagesView.swift */; };
		47C36B352A39772200AC931D /* MainMessagesTitle.swift in Sources */ = {isa = PBXBuildFile; fileRef = 47C36B342A39772200AC931D /* MainMessagesTitle.swift */; };
		47C36B372A3978C800AC931D /* MainMessagesRow.swift in Sources */ = {isa = PBXBuildFile; fileRef = 47C36B362A3978C800AC931D /* MainMessagesRow.swift */; };
		47C36B3A2A39810D00AC931D /* MainMessagesViewModel.swift in Sources */ = {isa = PBXBuildFile; fileRef = 47C36B392A39810D00AC931D /* MainMessagesViewModel.swift */; };
		47C36B3C2A398D4500AC931D /* LogInViewModel.swift in Sources */ = {isa = PBXBuildFile; fileRef = 47C36B3B2A398D4500AC931D /* LogInViewModel.swift */; };
		47C36B3E2A39A01800AC931D /* NewMessageView.swift in Sources */ = {isa = PBXBuildFile; fileRef = 47C36B3D2A39A01800AC931D /* NewMessageView.swift */; };
		47C36B402A39A29800AC931D /* NewMessageViewModel.swift in Sources */ = {isa = PBXBuildFile; fileRef = 47C36B3F2A39A29700AC931D /* NewMessageViewModel.swift */; };
		47C36B422A39AB3700AC931D /* NewMessageRow.swift in Sources */ = {isa = PBXBuildFile; fileRef = 47C36B412A39AB3700AC931D /* NewMessageRow.swift */; };
		47C36B442A39B70500AC931D /* ChatViewModel.swift in Sources */ = {isa = PBXBuildFile; fileRef = 47C36B432A39B70500AC931D /* ChatViewModel.swift */; };
		47D23F642A386A4C00DA01E0 /* Poppins-Medium.ttf in Resources */ = {isa = PBXBuildFile; fileRef = 47D23F632A386A4800DA01E0 /* Poppins-Medium.ttf */; };
		47D23F662A386A5F00DA01E0 /* Poppins-Regular.ttf in Resources */ = {isa = PBXBuildFile; fileRef = 47D23F652A386A5F00DA01E0 /* Poppins-Regular.ttf */; };
		47D23F682A386A6600DA01E0 /* Poppins-SemiBold.ttf in Resources */ = {isa = PBXBuildFile; fileRef = 47D23F672A386A6600DA01E0 /* Poppins-SemiBold.ttf */; };
		47F767B82A383ABA00E51028 /* FireChatApp.swift in Sources */ = {isa = PBXBuildFile; fileRef = 47F767B72A383ABA00E51028 /* FireChatApp.swift */; };
		47F767BA2A383ABA00E51028 /* ChatView.swift in Sources */ = {isa = PBXBuildFile; fileRef = 47F767B92A383ABA00E51028 /* ChatView.swift */; };
		47F767BC2A383AC700E51028 /* Assets.xcassets in Resources */ = {isa = PBXBuildFile; fileRef = 47F767BB2A383AC700E51028 /* Assets.xcassets */; };
		47F767BF2A383AC700E51028 /* Preview Assets.xcassets in Resources */ = {isa = PBXBuildFile; fileRef = 47F767BE2A383AC700E51028 /* Preview Assets.xcassets */; };
		47F767C72A383BD800E51028 /* ChatTitleRow.swift in Sources */ = {isa = PBXBuildFile; fileRef = 47F767C62A383BD800E51028 /* ChatTitleRow.swift */; };
		47F767CA2A383F3200E51028 /* Message.swift in Sources */ = {isa = PBXBuildFile; fileRef = 47F767C92A383F3200E51028 /* Message.swift */; };
		47F767CC2A383FAB00E51028 /* MessageBubble.swift in Sources */ = {isa = PBXBuildFile; fileRef = 47F767CB2A383FAB00E51028 /* MessageBubble.swift */; };
		47F767CE2A3842B700E51028 /* UIExtensions.swift in Sources */ = {isa = PBXBuildFile; fileRef = 47F767CD2A3842B700E51028 /* UIExtensions.swift */; };
		47F767D02A38437500E51028 /* MessageField.swift in Sources */ = {isa = PBXBuildFile; fileRef = 47F767CF2A38437500E51028 /* MessageField.swift */; };
		47F767E22A385CEA00E51028 /* LogInView.swift in Sources */ = {isa = PBXBuildFile; fileRef = 47F767E12A385CEA00E51028 /* LogInView.swift */; };
		47F767E72A3861E100E51028 /* FirebaseAuth in Frameworks */ = {isa = PBXBuildFile; productRef = 47F767E62A3861E100E51028 /* FirebaseAuth */; };
		47F767E92A3861E100E51028 /* FirebaseAuthCombine-Community in Frameworks */ = {isa = PBXBuildFile; productRef = 47F767E82A3861E100E51028 /* FirebaseAuthCombine-Community */; };
		47F767EB2A3861E100E51028 /* FirebaseFirestore in Frameworks */ = {isa = PBXBuildFile; productRef = 47F767EA2A3861E100E51028 /* FirebaseFirestore */; };
		47F767ED2A3861E100E51028 /* FirebaseFirestoreCombine-Community in Frameworks */ = {isa = PBXBuildFile; productRef = 47F767EC2A3861E100E51028 /* FirebaseFirestoreCombine-Community */; };
		47F767EF2A3861E100E51028 /* FirebaseFirestoreSwift in Frameworks */ = {isa = PBXBuildFile; productRef = 47F767EE2A3861E100E51028 /* FirebaseFirestoreSwift */; };
/* End PBXBuildFile section */

/* Begin PBXFileReference section */
		47C36B212A393A5000AC931D /* TestAccountBlock.swift */ = {isa = PBXFileReference; lastKnownFileType = sourcecode.swift; path = TestAccountBlock.swift; sourceTree = "<group>"; };
		47C36B232A3943AD00AC931D /* User.swift */ = {isa = PBXFileReference; lastKnownFileType = sourcecode.swift; path = User.swift; sourceTree = "<group>"; };
		47C36B2B2A3951A000AC931D /* FirebaseManager.swift */ = {isa = PBXFileReference; lastKnownFileType = sourcecode.swift; path = FirebaseManager.swift; sourceTree = "<group>"; };
		47C36B2E2A39561900AC931D /* ImagePicker.swift */ = {isa = PBXFileReference; lastKnownFileType = sourcecode.swift; path = ImagePicker.swift; sourceTree = "<group>"; };
		47C36B302A3968BF00AC931D /* GoogleService-Info.plist */ = {isa = PBXFileReference; fileEncoding = 4; lastKnownFileType = text.plist.xml; path = "GoogleService-Info.plist"; sourceTree = "<group>"; };
		47C36B322A3974EB00AC931D /* MainMessagesView.swift */ = {isa = PBXFileReference; lastKnownFileType = sourcecode.swift; path = MainMessagesView.swift; sourceTree = "<group>"; };
		47C36B342A39772200AC931D /* MainMessagesTitle.swift */ = {isa = PBXFileReference; lastKnownFileType = sourcecode.swift; path = MainMessagesTitle.swift; sourceTree = "<group>"; };
		47C36B362A3978C800AC931D /* MainMessagesRow.swift */ = {isa = PBXFileReference; lastKnownFileType = sourcecode.swift; path = MainMessagesRow.swift; sourceTree = "<group>"; };
		47C36B392A39810D00AC931D /* MainMessagesViewModel.swift */ = {isa = PBXFileReference; lastKnownFileType = sourcecode.swift; path = MainMessagesViewModel.swift; sourceTree = "<group>"; };
		47C36B3B2A398D4500AC931D /* LogInViewModel.swift */ = {isa = PBXFileReference; lastKnownFileType = sourcecode.swift; path = LogInViewModel.swift; sourceTree = "<group>"; };
		47C36B3D2A39A01800AC931D /* NewMessageView.swift */ = {isa = PBXFileReference; lastKnownFileType = sourcecode.swift; path = NewMessageView.swift; sourceTree = "<group>"; };
		47C36B3F2A39A29700AC931D /* NewMessageViewModel.swift */ = {isa = PBXFileReference; lastKnownFileType = sourcecode.swift; path = NewMessageViewModel.swift; sourceTree = "<group>"; };
		47C36B412A39AB3700AC931D /* NewMessageRow.swift */ = {isa = PBXFileReference; lastKnownFileType = sourcecode.swift; path = NewMessageRow.swift; sourceTree = "<group>"; };
		47C36B432A39B70500AC931D /* ChatViewModel.swift */ = {isa = PBXFileReference; lastKnownFileType = sourcecode.swift; path = ChatViewModel.swift; sourceTree = "<group>"; };
		47D23F632A386A4800DA01E0 /* Poppins-Medium.ttf */ = {isa = PBXFileReference; lastKnownFileType = file; path = "Poppins-Medium.ttf"; sourceTree = "<group>"; };
		47D23F652A386A5F00DA01E0 /* Poppins-Regular.ttf */ = {isa = PBXFileReference; lastKnownFileType = file; path = "Poppins-Regular.ttf"; sourceTree = "<group>"; };
		47D23F672A386A6600DA01E0 /* Poppins-SemiBold.ttf */ = {isa = PBXFileReference; lastKnownFileType = file; path = "Poppins-SemiBold.ttf"; sourceTree = "<group>"; };
		47D23F692A386AEA00DA01E0 /* Info.plist */ = {isa = PBXFileReference; lastKnownFileType = text.plist; path = Info.plist; sourceTree = "<group>"; };
		47F767B42A383ABA00E51028 /* FireChat.app */ = {isa = PBXFileReference; explicitFileType = wrapper.application; includeInIndex = 0; path = FireChat.app; sourceTree = BUILT_PRODUCTS_DIR; };
		47F767B72A383ABA00E51028 /* FireChatApp.swift */ = {isa = PBXFileReference; lastKnownFileType = sourcecode.swift; path = FireChatApp.swift; sourceTree = "<group>"; };
		47F767B92A383ABA00E51028 /* ChatView.swift */ = {isa = PBXFileReference; lastKnownFileType = sourcecode.swift; path = ChatView.swift; sourceTree = "<group>"; };
		47F767BB2A383AC700E51028 /* Assets.xcassets */ = {isa = PBXFileReference; lastKnownFileType = folder.assetcatalog; path = Assets.xcassets; sourceTree = "<group>"; };
		47F767BE2A383AC700E51028 /* Preview Assets.xcassets */ = {isa = PBXFileReference; lastKnownFileType = folder.assetcatalog; path = "Preview Assets.xcassets"; sourceTree = "<group>"; };
		47F767C62A383BD800E51028 /* ChatTitleRow.swift */ = {isa = PBXFileReference; lastKnownFileType = sourcecode.swift; path = ChatTitleRow.swift; sourceTree = "<group>"; };
		47F767C92A383F3200E51028 /* Message.swift */ = {isa = PBXFileReference; lastKnownFileType = sourcecode.swift; path = Message.swift; sourceTree = "<group>"; };
		47F767CB2A383FAB00E51028 /* MessageBubble.swift */ = {isa = PBXFileReference; lastKnownFileType = sourcecode.swift; path = MessageBubble.swift; sourceTree = "<group>"; };
		47F767CD2A3842B700E51028 /* UIExtensions.swift */ = {isa = PBXFileReference; lastKnownFileType = sourcecode.swift; path = UIExtensions.swift; sourceTree = "<group>"; };
		47F767CF2A38437500E51028 /* MessageField.swift */ = {isa = PBXFileReference; lastKnownFileType = sourcecode.swift; path = MessageField.swift; sourceTree = "<group>"; };
		47F767E12A385CEA00E51028 /* LogInView.swift */ = {isa = PBXFileReference; lastKnownFileType = sourcecode.swift; path = LogInView.swift; sourceTree = "<group>"; };
/* End PBXFileReference section */

/* Begin PBXFrameworksBuildPhase section */
		47F767B12A383ABA00E51028 /* Frameworks */ = {
			isa = PBXFrameworksBuildPhase;
			buildActionMask = 2147483647;
			files = (
				47F767EF2A3861E100E51028 /* FirebaseFirestoreSwift in Frameworks */,
				47C36B282A39475500AC931D /* FirebaseStorageCombine-Community in Frameworks */,
				47F767E72A3861E100E51028 /* FirebaseAuth in Frameworks */,
				47F767ED2A3861E100E51028 /* FirebaseFirestoreCombine-Community in Frameworks */,
				47F767E92A3861E100E51028 /* FirebaseAuthCombine-Community in Frameworks */,
				47F767EB2A3861E100E51028 /* FirebaseFirestore in Frameworks */,
				47C36B262A39474E00AC931D /* FirebaseStorage in Frameworks */,
			);
			runOnlyForDeploymentPostprocessing = 0;
		};
/* End PBXFrameworksBuildPhase section */

/* Begin PBXGroup section */
		47C36B2D2A39560100AC931D /* Extensions */ = {
			isa = PBXGroup;
			children = (
				47F767CD2A3842B700E51028 /* UIExtensions.swift */,
				47C36B2E2A39561900AC931D /* ImagePicker.swift */,
			);
			path = Extensions;
			sourceTree = "<group>";
		};
		47C36B382A3980F200AC931D /* ViewModel */ = {
			isa = PBXGroup;
			children = (
				47C36B3B2A398D4500AC931D /* LogInViewModel.swift */,
				47C36B392A39810D00AC931D /* MainMessagesViewModel.swift */,
				47C36B3F2A39A29700AC931D /* NewMessageViewModel.swift */,
				47C36B432A39B70500AC931D /* ChatViewModel.swift */,
			);
			path = ViewModel;
			sourceTree = "<group>";
		};
		47D23F602A3868E400DA01E0 /* Fonts */ = {
			isa = PBXGroup;
			children = (
				47D23F652A386A5F00DA01E0 /* Poppins-Regular.ttf */,
				47D23F632A386A4800DA01E0 /* Poppins-Medium.ttf */,
				47D23F672A386A6600DA01E0 /* Poppins-SemiBold.ttf */,
			);
			path = Fonts;
			sourceTree = "<group>";
		};
		47F767AB2A383AB900E51028 = {
			isa = PBXGroup;
			children = (
				47F767B62A383ABA00E51028 /* FireChat */,
				47F767B52A383ABA00E51028 /* Products */,
				47F767DA2A38549600E51028 /* Frameworks */,
			);
			sourceTree = "<group>";
		};
		47F767B52A383ABA00E51028 /* Products */ = {
			isa = PBXGroup;
			children = (
				47F767B42A383ABA00E51028 /* FireChat.app */,
			);
			name = Products;
			sourceTree = "<group>";
		};
		47F767B62A383ABA00E51028 /* FireChat */ = {
			isa = PBXGroup;
			children = (
				47F767B72A383ABA00E51028 /* FireChatApp.swift */,
				47F767C82A383F1C00E51028 /* Models */,
				47F767DF2A385C9E00E51028 /* Views */,
				47C36B382A3980F200AC931D /* ViewModel */,
				47F767C52A383B9B00E51028 /* ViewComponents */,
				47F767E02A385CAE00E51028 /* Controller */,
				47C36B2D2A39560100AC931D /* Extensions */,
				47D23F602A3868E400DA01E0 /* Fonts */,
				47D23F692A386AEA00DA01E0 /* Info.plist */,
				47C36B302A3968BF00AC931D /* GoogleService-Info.plist */,
				47F767BB2A383AC700E51028 /* Assets.xcassets */,
				47F767BD2A383AC700E51028 /* Preview Content */,
			);
			path = FireChat;
			sourceTree = "<group>";
		};
		47F767BD2A383AC700E51028 /* Preview Content */ = {
			isa = PBXGroup;
			children = (
				47F767BE2A383AC700E51028 /* Preview Assets.xcassets */,
			);
			path = "Preview Content";
			sourceTree = "<group>";
		};
		47F767C52A383B9B00E51028 /* ViewComponents */ = {
			isa = PBXGroup;
			children = (
				47C36B342A39772200AC931D /* MainMessagesTitle.swift */,
				47C36B362A3978C800AC931D /* MainMessagesRow.swift */,
				47F767C62A383BD800E51028 /* ChatTitleRow.swift */,
				47F767CF2A38437500E51028 /* MessageField.swift */,
				47F767CB2A383FAB00E51028 /* MessageBubble.swift */,
				47C36B212A393A5000AC931D /* TestAccountBlock.swift */,
				47C36B412A39AB3700AC931D /* NewMessageRow.swift */,
			);
			path = ViewComponents;
			sourceTree = "<group>";
		};
		47F767C82A383F1C00E51028 /* Models */ = {
			isa = PBXGroup;
			children = (
				47F767C92A383F3200E51028 /* Message.swift */,
				47C36B232A3943AD00AC931D /* User.swift */,
			);
			path = Models;
			sourceTree = "<group>";
		};
		47F767DA2A38549600E51028 /* Frameworks */ = {
			isa = PBXGroup;
			children = (
			);
			name = Frameworks;
			sourceTree = "<group>";
		};
		47F767DF2A385C9E00E51028 /* Views */ = {
			isa = PBXGroup;
			children = (
				47F767E12A385CEA00E51028 /* LogInView.swift */,
				47C36B322A3974EB00AC931D /* MainMessagesView.swift */,
				47C36B3D2A39A01800AC931D /* NewMessageView.swift */,
				47F767B92A383ABA00E51028 /* ChatView.swift */,
			);
			path = Views;
			sourceTree = "<group>";
		};
		47F767E02A385CAE00E51028 /* Controller */ = {
			isa = PBXGroup;
			children = (
				47C36B2B2A3951A000AC931D /* FirebaseManager.swift */,
			);
			path = Controller;
			sourceTree = "<group>";
		};
/* End PBXGroup section */

/* Begin PBXNativeTarget section */
		47F767B32A383ABA00E51028 /* FireChat */ = {
			isa = PBXNativeTarget;
			buildConfigurationList = 47F767C22A383AC700E51028 /* Build configuration list for PBXNativeTarget "FireChat" */;
			buildPhases = (
				47F767B02A383ABA00E51028 /* Sources */,
				47F767B12A383ABA00E51028 /* Frameworks */,
				47F767B22A383ABA00E51028 /* Resources */,
			);
			buildRules = (
			);
			dependencies = (
			);
			name = FireChat;
			packageProductDependencies = (
				47F767E62A3861E100E51028 /* FirebaseAuth */,
				47F767E82A3861E100E51028 /* FirebaseAuthCombine-Community */,
				47F767EA2A3861E100E51028 /* FirebaseFirestore */,
				47F767EC2A3861E100E51028 /* FirebaseFirestoreCombine-Community */,
				47F767EE2A3861E100E51028 /* FirebaseFirestoreSwift */,
				47C36B252A39474E00AC931D /* FirebaseStorage */,
				47C36B272A39475500AC931D /* FirebaseStorageCombine-Community */,
			);
			productName = FireChat;
			productReference = 47F767B42A383ABA00E51028 /* FireChat.app */;
			productType = "com.apple.product-type.application";
		};
/* End PBXNativeTarget section */

/* Begin PBXProject section */
		47F767AC2A383AB900E51028 /* Project object */ = {
			isa = PBXProject;
			attributes = {
				BuildIndependentTargetsInParallel = 1;
				LastSwiftUpdateCheck = 1430;
				LastUpgradeCheck = 1430;
				TargetAttributes = {
					47F767B32A383ABA00E51028 = {
						CreatedOnToolsVersion = 14.3.1;
					};
				};
			};
			buildConfigurationList = 47F767AF2A383AB900E51028 /* Build configuration list for PBXProject "FireChat" */;
			compatibilityVersion = "Xcode 14.0";
			developmentRegion = en;
			hasScannedForEncodings = 0;
			knownRegions = (
				en,
				Base,
			);
			mainGroup = 47F767AB2A383AB900E51028;
			packageReferences = (
				47F767E52A3861E100E51028 /* XCRemoteSwiftPackageReference "firebase-ios-sdk" */,
			);
			productRefGroup = 47F767B52A383ABA00E51028 /* Products */;
			projectDirPath = "";
			projectRoot = "";
			targets = (
				47F767B32A383ABA00E51028 /* FireChat */,
			);
		};
/* End PBXProject section */

/* Begin PBXResourcesBuildPhase section */
		47F767B22A383ABA00E51028 /* Resources */ = {
			isa = PBXResourcesBuildPhase;
			buildActionMask = 2147483647;
			files = (
				47F767BF2A383AC700E51028 /* Preview Assets.xcassets in Resources */,
				47D23F642A386A4C00DA01E0 /* Poppins-Medium.ttf in Resources */,
				47F767BC2A383AC700E51028 /* Assets.xcassets in Resources */,
				47D23F682A386A6600DA01E0 /* Poppins-SemiBold.ttf in Resources */,
				47D23F662A386A5F00DA01E0 /* Poppins-Regular.ttf in Resources */,
				47C36B312A3968C000AC931D /* GoogleService-Info.plist in Resources */,
			);
			runOnlyForDeploymentPostprocessing = 0;
		};
/* End PBXResourcesBuildPhase section */

/* Begin PBXSourcesBuildPhase section */
		47F767B02A383ABA00E51028 /* Sources */ = {
			isa = PBXSourcesBuildPhase;
			buildActionMask = 2147483647;
			files = (
				47C36B2C2A3951A000AC931D /* FirebaseManager.swift in Sources */,
				47C36B442A39B70500AC931D /* ChatViewModel.swift in Sources */,
				47F767BA2A383ABA00E51028 /* ChatView.swift in Sources */,
				47C36B3E2A39A01800AC931D /* NewMessageView.swift in Sources */,
				47F767CA2A383F3200E51028 /* Message.swift in Sources */,
				47C36B2F2A39561900AC931D /* ImagePicker.swift in Sources */,
				47C36B3C2A398D4500AC931D /* LogInViewModel.swift in Sources */,
				47F767CC2A383FAB00E51028 /* MessageBubble.swift in Sources */,
				47C36B372A3978C800AC931D /* MainMessagesRow.swift in Sources */,
				47F767D02A38437500E51028 /* MessageField.swift in Sources */,
				47F767CE2A3842B700E51028 /* UIExtensions.swift in Sources */,
				47C36B422A39AB3700AC931D /* NewMessageRow.swift in Sources */,
				47F767E22A385CEA00E51028 /* LogInView.swift in Sources */,
				47F767B82A383ABA00E51028 /* FireChatApp.swift in Sources */,
				47C36B352A39772200AC931D /* MainMessagesTitle.swift in Sources */,
				47F767C72A383BD800E51028 /* ChatTitleRow.swift in Sources */,
				47C36B222A393A5000AC931D /* TestAccountBlock.swift in Sources */,
				47C36B242A3943AD00AC931D /* User.swift in Sources */,
				47C36B332A3974EC00AC931D /* MainMessagesView.swift in Sources */,
				47C36B3A2A39810D00AC931D /* MainMessagesViewModel.swift in Sources */,
				47C36B402A39A29800AC931D /* NewMessageViewModel.swift in Sources */,
			);
			runOnlyForDeploymentPostprocessing = 0;
		};
/* End PBXSourcesBuildPhase section */

/* Begin XCBuildConfiguration section */
		47F767C02A383AC700E51028 /* Debug */ = {
			isa = XCBuildConfiguration;
			buildSettings = {
				ALWAYS_SEARCH_USER_PATHS = NO;
				CLANG_ANALYZER_NONNULL = YES;
				CLANG_ANALYZER_NUMBER_OBJECT_CONVERSION = YES_AGGRESSIVE;
				CLANG_CXX_LANGUAGE_STANDARD = "gnu++20";
				CLANG_ENABLE_MODULES = YES;
				CLANG_ENABLE_OBJC_ARC = YES;
				CLANG_ENABLE_OBJC_WEAK = YES;
				CLANG_WARN_BLOCK_CAPTURE_AUTORELEASING = YES;
				CLANG_WARN_BOOL_CONVERSION = YES;
				CLANG_WARN_COMMA = YES;
				CLANG_WARN_CONSTANT_CONVERSION = YES;
				CLANG_WARN_DEPRECATED_OBJC_IMPLEMENTATIONS = YES;
				CLANG_WARN_DIRECT_OBJC_ISA_USAGE = YES_ERROR;
				CLANG_WARN_DOCUMENTATION_COMMENTS = YES;
				CLANG_WARN_EMPTY_BODY = YES;
				CLANG_WARN_ENUM_CONVERSION = YES;
				CLANG_WARN_INFINITE_RECURSION = YES;
				CLANG_WARN_INT_CONVERSION = YES;
				CLANG_WARN_NON_LITERAL_NULL_CONVERSION = YES;
				CLANG_WARN_OBJC_IMPLICIT_RETAIN_SELF = YES;
				CLANG_WARN_OBJC_LITERAL_CONVERSION = YES;
				CLANG_WARN_OBJC_ROOT_CLASS = YES_ERROR;
				CLANG_WARN_QUOTED_INCLUDE_IN_FRAMEWORK_HEADER = YES;
				CLANG_WARN_RANGE_LOOP_ANALYSIS = YES;
				CLANG_WARN_STRICT_PROTOTYPES = YES;
				CLANG_WARN_SUSPICIOUS_MOVE = YES;
				CLANG_WARN_UNGUARDED_AVAILABILITY = YES_AGGRESSIVE;
				CLANG_WARN_UNREACHABLE_CODE = YES;
				CLANG_WARN__DUPLICATE_METHOD_MATCH = YES;
				COPY_PHASE_STRIP = NO;
				DEBUG_INFORMATION_FORMAT = dwarf;
				ENABLE_STRICT_OBJC_MSGSEND = YES;
				ENABLE_TESTABILITY = YES;
				GCC_C_LANGUAGE_STANDARD = gnu11;
				GCC_DYNAMIC_NO_PIC = NO;
				GCC_NO_COMMON_BLOCKS = YES;
				GCC_OPTIMIZATION_LEVEL = 0;
				GCC_PREPROCESSOR_DEFINITIONS = (
					"DEBUG=1",
					"$(inherited)",
				);
				GCC_WARN_64_TO_32_BIT_CONVERSION = YES;
				GCC_WARN_ABOUT_RETURN_TYPE = YES_ERROR;
				GCC_WARN_UNDECLARED_SELECTOR = YES;
				GCC_WARN_UNINITIALIZED_AUTOS = YES_AGGRESSIVE;
				GCC_WARN_UNUSED_FUNCTION = YES;
				GCC_WARN_UNUSED_VARIABLE = YES;
				IPHONEOS_DEPLOYMENT_TARGET = 16.4;
				MTL_ENABLE_DEBUG_INFO = INCLUDE_SOURCE;
				MTL_FAST_MATH = YES;
				ONLY_ACTIVE_ARCH = YES;
				SDKROOT = iphoneos;
				SWIFT_ACTIVE_COMPILATION_CONDITIONS = DEBUG;
				SWIFT_OPTIMIZATION_LEVEL = "-Onone";
			};
			name = Debug;
		};
		47F767C12A383AC700E51028 /* Release */ = {
			isa = XCBuildConfiguration;
			buildSettings = {
				ALWAYS_SEARCH_USER_PATHS = NO;
				CLANG_ANALYZER_NONNULL = YES;
				CLANG_ANALYZER_NUMBER_OBJECT_CONVERSION = YES_AGGRESSIVE;
				CLANG_CXX_LANGUAGE_STANDARD = "gnu++20";
				CLANG_ENABLE_MODULES = YES;
				CLANG_ENABLE_OBJC_ARC = YES;
				CLANG_ENABLE_OBJC_WEAK = YES;
				CLANG_WARN_BLOCK_CAPTURE_AUTORELEASING = YES;
				CLANG_WARN_BOOL_CONVERSION = YES;
				CLANG_WARN_COMMA = YES;
				CLANG_WARN_CONSTANT_CONVERSION = YES;
				CLANG_WARN_DEPRECATED_OBJC_IMPLEMENTATIONS = YES;
				CLANG_WARN_DIRECT_OBJC_ISA_USAGE = YES_ERROR;
				CLANG_WARN_DOCUMENTATION_COMMENTS = YES;
				CLANG_WARN_EMPTY_BODY = YES;
				CLANG_WARN_ENUM_CONVERSION = YES;
				CLANG_WARN_INFINITE_RECURSION = YES;
				CLANG_WARN_INT_CONVERSION = YES;
				CLANG_WARN_NON_LITERAL_NULL_CONVERSION = YES;
				CLANG_WARN_OBJC_IMPLICIT_RETAIN_SELF = YES;
				CLANG_WARN_OBJC_LITERAL_CONVERSION = YES;
				CLANG_WARN_OBJC_ROOT_CLASS = YES_ERROR;
				CLANG_WARN_QUOTED_INCLUDE_IN_FRAMEWORK_HEADER = YES;
				CLANG_WARN_RANGE_LOOP_ANALYSIS = YES;
				CLANG_WARN_STRICT_PROTOTYPES = YES;
				CLANG_WARN_SUSPICIOUS_MOVE = YES;
				CLANG_WARN_UNGUARDED_AVAILABILITY = YES_AGGRESSIVE;
				CLANG_WARN_UNREACHABLE_CODE = YES;
				CLANG_WARN__DUPLICATE_METHOD_MATCH = YES;
				COPY_PHASE_STRIP = NO;
				DEBUG_INFORMATION_FORMAT = "dwarf-with-dsym";
				ENABLE_NS_ASSERTIONS = NO;
				ENABLE_STRICT_OBJC_MSGSEND = YES;
				GCC_C_LANGUAGE_STANDARD = gnu11;
				GCC_NO_COMMON_BLOCKS = YES;
				GCC_WARN_64_TO_32_BIT_CONVERSION = YES;
				GCC_WARN_ABOUT_RETURN_TYPE = YES_ERROR;
				GCC_WARN_UNDECLARED_SELECTOR = YES;
				GCC_WARN_UNINITIALIZED_AUTOS = YES_AGGRESSIVE;
				GCC_WARN_UNUSED_FUNCTION = YES;
				GCC_WARN_UNUSED_VARIABLE = YES;
				IPHONEOS_DEPLOYMENT_TARGET = 16.4;
				MTL_ENABLE_DEBUG_INFO = NO;
				MTL_FAST_MATH = YES;
				SDKROOT = iphoneos;
				SWIFT_COMPILATION_MODE = wholemodule;
				SWIFT_OPTIMIZATION_LEVEL = "-O";
				VALIDATE_PRODUCT = YES;
			};
			name = Release;
		};
		47F767C32A383AC700E51028 /* Debug */ = {
			isa = XCBuildConfiguration;
			buildSettings = {
				ASSETCATALOG_COMPILER_APPICON_NAME = AppIcon;
				ASSETCATALOG_COMPILER_GLOBAL_ACCENT_COLOR_NAME = AccentColor;
				CODE_SIGN_STYLE = Automatic;
				CURRENT_PROJECT_VERSION = 1;
				DEVELOPMENT_ASSET_PATHS = "\"FireChat/Preview Content\"";
				DEVELOPMENT_TEAM = 4GS9DYRR67;
				ENABLE_PREVIEWS = YES;
				GENERATE_INFOPLIST_FILE = YES;
				INFOPLIST_FILE = FireChat/Info.plist;
				INFOPLIST_KEY_CFBundleDisplayName = FireChat;
				INFOPLIST_KEY_LSApplicationCategoryType = "public.app-category.social-networking";
				INFOPLIST_KEY_UIApplicationSceneManifest_Generation = YES;
				INFOPLIST_KEY_UIApplicationSupportsIndirectInputEvents = YES;
				INFOPLIST_KEY_UILaunchScreen_Generation = YES;
				INFOPLIST_KEY_UIRequiresFullScreen = YES;
				INFOPLIST_KEY_UISupportedInterfaceOrientations = UIInterfaceOrientationPortrait;
				IPHONEOS_DEPLOYMENT_TARGET = 16.0;
				LD_RUNPATH_SEARCH_PATHS = (
					"$(inherited)",
					"@executable_path/Frameworks",
				);
				MARKETING_VERSION = 1.0;
				PRODUCT_BUNDLE_IDENTIFIER = com.superglowww.FireChat;
				PRODUCT_NAME = "$(TARGET_NAME)";
				SWIFT_EMIT_LOC_STRINGS = YES;
				SWIFT_VERSION = 5.0;
				TARGETED_DEVICE_FAMILY = "1,2";
			};
			name = Debug;
		};
		47F767C42A383AC700E51028 /* Release */ = {
			isa = XCBuildConfiguration;
			buildSettings = {
				ASSETCATALOG_COMPILER_APPICON_NAME = AppIcon;
				ASSETCATALOG_COMPILER_GLOBAL_ACCENT_COLOR_NAME = AccentColor;
				CODE_SIGN_STYLE = Automatic;
				CURRENT_PROJECT_VERSION = 1;
				DEVELOPMENT_ASSET_PATHS = "\"FireChat/Preview Content\"";
				DEVELOPMENT_TEAM = 4GS9DYRR67;
				ENABLE_PREVIEWS = YES;
				GENERATE_INFOPLIST_FILE = YES;
				INFOPLIST_FILE = FireChat/Info.plist;
				INFOPLIST_KEY_CFBundleDisplayName = FireChat;
				INFOPLIST_KEY_LSApplicationCategoryType = "public.app-category.social-networking";
				INFOPLIST_KEY_UIApplicationSceneManifest_Generation = YES;
				INFOPLIST_KEY_UIApplicationSupportsIndirectInputEvents = YES;
				INFOPLIST_KEY_UILaunchScreen_Generation = YES;
				INFOPLIST_KEY_UIRequiresFullScreen = YES;
				INFOPLIST_KEY_UISupportedInterfaceOrientations = UIInterfaceOrientationPortrait;
				IPHONEOS_DEPLOYMENT_TARGET = 16.0;
				LD_RUNPATH_SEARCH_PATHS = (
					"$(inherited)",
					"@executable_path/Frameworks",
				);
				MARKETING_VERSION = 1.0;
				PRODUCT_BUNDLE_IDENTIFIER = com.superglowww.FireChat;
				PRODUCT_NAME = "$(TARGET_NAME)";
				SWIFT_EMIT_LOC_STRINGS = YES;
				SWIFT_VERSION = 5.0;
				TARGETED_DEVICE_FAMILY = "1,2";
			};
			name = Release;
		};
/* End XCBuildConfiguration section */

/* Begin XCConfigurationList section */
		47F767AF2A383AB900E51028 /* Build configuration list for PBXProject "FireChat" */ = {
			isa = XCConfigurationList;
			buildConfigurations = (
				47F767C02A383AC700E51028 /* Debug */,
				47F767C12A383AC700E51028 /* Release */,
			);
			defaultConfigurationIsVisible = 0;
			defaultConfigurationName = Release;
		};
		47F767C22A383AC700E51028 /* Build configuration list for PBXNativeTarget "FireChat" */ = {
			isa = XCConfigurationList;
			buildConfigurations = (
				47F767C32A383AC700E51028 /* Debug */,
				47F767C42A383AC700E51028 /* Release */,
			);
			defaultConfigurationIsVisible = 0;
			defaultConfigurationName = Release;
		};
/* End XCConfigurationList section */

/* Begin XCRemoteSwiftPackageReference section */
		47F767E52A3861E100E51028 /* XCRemoteSwiftPackageReference "firebase-ios-sdk" */ = {
			isa = XCRemoteSwiftPackageReference;
			repositoryURL = "https://github.com/firebase/firebase-ios-sdk";
			requirement = {
				kind = upToNextMajorVersion;
				minimumVersion = 10.0.0;
			};
		};
/* End XCRemoteSwiftPackageReference section */

/* Begin XCSwiftPackageProductDependency section */
		47C36B252A39474E00AC931D /* FirebaseStorage */ = {
			isa = XCSwiftPackageProductDependency;
			package = 47F767E52A3861E100E51028 /* XCRemoteSwiftPackageReference "firebase-ios-sdk" */;
			productName = FirebaseStorage;
		};
		47C36B272A39475500AC931D /* FirebaseStorageCombine-Community */ = {
			isa = XCSwiftPackageProductDependency;
			package = 47F767E52A3861E100E51028 /* XCRemoteSwiftPackageReference "firebase-ios-sdk" */;
			productName = "FirebaseStorageCombine-Community";
		};
		47F767E62A3861E100E51028 /* FirebaseAuth */ = {
			isa = XCSwiftPackageProductDependency;
			package = 47F767E52A3861E100E51028 /* XCRemoteSwiftPackageReference "firebase-ios-sdk" */;
			productName = FirebaseAuth;
		};
		47F767E82A3861E100E51028 /* FirebaseAuthCombine-Community */ = {
			isa = XCSwiftPackageProductDependency;
			package = 47F767E52A3861E100E51028 /* XCRemoteSwiftPackageReference "firebase-ios-sdk" */;
			productName = "FirebaseAuthCombine-Community";
		};
		47F767EA2A3861E100E51028 /* FirebaseFirestore */ = {
			isa = XCSwiftPackageProductDependency;
			package = 47F767E52A3861E100E51028 /* XCRemoteSwiftPackageReference "firebase-ios-sdk" */;
			productName = FirebaseFirestore;
		};
		47F767EC2A3861E100E51028 /* FirebaseFirestoreCombine-Community */ = {
			isa = XCSwiftPackageProductDependency;
			package = 47F767E52A3861E100E51028 /* XCRemoteSwiftPackageReference "firebase-ios-sdk" */;
			productName = "FirebaseFirestoreCombine-Community";
		};
		47F767EE2A3861E100E51028 /* FirebaseFirestoreSwift */ = {
			isa = XCSwiftPackageProductDependency;
			package = 47F767E52A3861E100E51028 /* XCRemoteSwiftPackageReference "firebase-ios-sdk" */;
			productName = FirebaseFirestoreSwift;
		};
/* End XCSwiftPackageProductDependency section */
	};
	rootObject = 47F767AC2A383AB900E51028 /* Project object */;
}
